
Microsoft Visual Studio Solution File, Format Version 12.00
# Visual Studio Version 17
VisualStudioVersion = 17.8.34511.84
MinimumVisualStudioVersion = 10.0.40219.1
Project("{9A19103F-16F7-4668-BE54-9A1E7A4F7556}") = "desafioBT-INOA", "desafioBT-INOA.csproj", "{2FAF022C-8DE5-437E-800C-1C7094F746E1}"
EndProject
Project("{2150E333-8FDC-42A3-9474-1A3956D46DE8}") = "Itens de Solução", "Itens de Solução", "{981590AB-C559-4A51-A8F1-B78280A3D414}"
EndProject
Global
	GlobalSection(SolutionConfigurationPlatforms) = preSolution
		Debug|Any CPU = Debug|Any CPU
		Release|Any CPU = Release|Any CPU
	EndGlobalSection
	GlobalSection(ProjectConfigurationPlatforms) = postSolution
		{2FAF022C-8DE5-437E-800C-1C7094F746E1}.Debug|Any CPU.ActiveCfg = Debug|Any CPU
		{2FAF022C-8DE5-437E-800C-1C7094F746E1}.Debug|Any CPU.Build.0 = Debug|Any CPU
		{2FAF022C-8DE5-437E-800C-1C7094F746E1}.Release|Any CPU.ActiveCfg = Release|Any CPU
		{2FAF022C-8DE5-437E-800C-1C7094F746E1}.Release|Any CPU.Build.0 = Release|Any CPU
	EndGlobalSection
	GlobalSection(SolutionProperties) = preSolution
		HideSolutionNode = FALSE
	EndGlobalSection
	GlobalSection(ExtensibilityGlobals) = postSolution
		SolutionGuid = {77FB611B-BEE7-4026-94BC-2C78993F6CC3}
	EndGlobalSection
EndGlobal
